
Microsoft Visual Studio Solution File, Format Version 12.00
# Visual Studio Version 16
VisualStudioVersion = 16.0.29709.97
MinimumVisualStudioVersion = 10.0.40219.1
Project("{FAE04EC0-301F-11D3-BF4B-00C04F79EFBC}") = "Lab_4.1_DiceRoll", "Lab_4.1_DiceRoll\Lab_4.1_DiceRoll.csproj", "{D2DD11EA-E5BB-4C77-BA51-31BDCB6B91A3}"
EndProject
Global
	GlobalSection(SolutionConfigurationPlatforms) = preSolution
		Debug|Any CPU = Debug|Any CPU
		Release|Any CPU = Release|Any CPU
	EndGlobalSection
	GlobalSection(ProjectConfigurationPlatforms) = postSolution
		{D2DD11EA-E5BB-4C77-BA51-31BDCB6B91A3}.Debug|Any CPU.ActiveCfg = Debug|Any CPU
		{D2DD11EA-E5BB-4C77-BA51-31BDCB6B91A3}.Debug|Any CPU.Build.0 = Debug|Any CPU
		{D2DD11EA-E5BB-4C77-BA51-31BDCB6B91A3}.Release|Any CPU.ActiveCfg = Release|Any CPU
		{D2DD11EA-E5BB-4C77-BA51-31BDCB6B91A3}.Release|Any CPU.Build.0 = Release|Any CPU
	EndGlobalSection
	GlobalSection(SolutionProperties) = preSolution
		HideSolutionNode = FALSE
	EndGlobalSection
	GlobalSection(ExtensibilityGlobals) = postSolution
		SolutionGuid = {0519B2AE-1A18-4980-813C-6CC6325B2428}
	EndGlobalSection
EndGlobal
